
Microsoft Visual Studio Solution File, Format Version 12.00
# Visual Studio Version 17
VisualStudioVersion = 17.2.32630.192
MinimumVisualStudioVersion = 10.0.40219.1
Project("{FAE04EC0-301F-11D3-BF4B-00C04F79EFBC}") = "Syntax2", "Syntax2\Syntax2.csproj", "{BB3D8753-E003-4459-A172-3EFBAD6C3725}"
EndProject
Global
	GlobalSection(SolutionConfigurationPlatforms) = preSolution
		Debug|Any CPU = Debug|Any CPU
		Release|Any CPU = Release|Any CPU
	EndGlobalSection
	GlobalSection(ProjectConfigurationPlatforms) = postSolution
		{BB3D8753-E003-4459-A172-3EFBAD6C3725}.Debug|Any CPU.ActiveCfg = Debug|Any CPU
		{BB3D8753-E003-4459-A172-3EFBAD6C3725}.Debug|Any CPU.Build.0 = Debug|Any CPU
		{BB3D8753-E003-4459-A172-3EFBAD6C3725}.Release|Any CPU.ActiveCfg = Release|Any CPU
		{BB3D8753-E003-4459-A172-3EFBAD6C3725}.Release|Any CPU.Build.0 = Release|Any CPU
	EndGlobalSection
	GlobalSection(SolutionProperties) = preSolution
		HideSolutionNode = FALSE
	EndGlobalSection
	GlobalSection(ExtensibilityGlobals) = postSolution
		SolutionGuid = {988A0B73-EE84-441B-A1AA-9D84658A9DE2}
	EndGlobalSection
EndGlobal
